{
  "name": "cancerdr",
  "version": "1.0.0",
  "lockfileVersion": 2,
  "requires": true,
  "packages": {
    "": {
      "name": "cancerdr",
      "version": "1.0.0",
      "license": "ISC",
      "dependencies": {
        "@paddlejs/paddlejs-backend-webgl": "^1.2.0",
        "@paddlejs/paddlejs-core": "^2.1.19"
      }
    },
    "node_modules/@paddlejs/paddlejs-backend-webgl": {
      "version": "1.2.0",
      "resolved": "https://registry.npmjs.org/@paddlejs/paddlejs-backend-webgl/-/paddlejs-backend-webgl-1.2.0.tgz",
      "integrity": "sha512-bKJKJkGldC3NPOuJyk+372z0XW1dd1D9lR0f9OHqWQboY0Mkah+gX+8tkerrNg+QjYz88IW0iJaRKB0jm+6d9g=="
    },
    "node_modules/@paddlejs/paddlejs-core": {
      "version": "2.1.19",
      "resolved": "https://registry.npmjs.org/@paddlejs/paddlejs-core/-/paddlejs-core-2.1.19.tgz",
      "integrity": "sha512-fyuT28T/OxabAWo2ukxD7t9NiwEkuvmBtggOJq3hpF+bF7IzjMbpPpq/1b0kHE3DqebqjPjRWmMp/KJD64PCEw=="
    }
  },
  "dependencies": {
    "@paddlejs/paddlejs-backend-webgl": {
      "version": "1.2.0",
      "resolved": "https://registry.npmjs.org/@paddlejs/paddlejs-backend-webgl/-/paddlejs-backend-webgl-1.2.0.tgz",
      "integrity": "sha512-bKJKJkGldC3NPOuJyk+372z0XW1dd1D9lR0f9OHqWQboY0Mkah+gX+8tkerrNg+QjYz88IW0iJaRKB0jm+6d9g=="
    },
    "@paddlejs/paddlejs-core": {
      "version": "2.1.19",
      "resolved": "https://registry.npmjs.org/@paddlejs/paddlejs-core/-/paddlejs-core-2.1.19.tgz",
      "integrity": "sha512-fyuT28T/OxabAWo2ukxD7t9NiwEkuvmBtggOJq3hpF+bF7IzjMbpPpq/1b0kHE3DqebqjPjRWmMp/KJD64PCEw=="
    }
  }
}
